
Microsoft Visual Studio Solution File, Format Version 12.00
# Visual Studio Version 17
VisualStudioVersion = 17.10.35122.118
MinimumVisualStudioVersion = 10.0.40219.1
Project("{FAE04EC0-301F-11D3-BF4B-00C04F79EFBC}") = "CollegeAnnouncements", "CollegeAnnouncements\CollegeAnnouncements.csproj", "{5FB586D4-B0A4-4B31-AD5A-1E0BFF97D1B6}"
EndProject
Global
	GlobalSection(SolutionConfigurationPlatforms) = preSolution
		Debug|Any CPU = Debug|Any CPU
		Release|Any CPU = Release|Any CPU
	EndGlobalSection
	GlobalSection(ProjectConfigurationPlatforms) = postSolution
		{5FB586D4-B0A4-4B31-AD5A-1E0BFF97D1B6}.Debug|Any CPU.ActiveCfg = Debug|Any CPU
		{5FB586D4-B0A4-4B31-AD5A-1E0BFF97D1B6}.Debug|Any CPU.Build.0 = Debug|Any CPU
		{5FB586D4-B0A4-4B31-AD5A-1E0BFF97D1B6}.Release|Any CPU.ActiveCfg = Release|Any CPU
		{5FB586D4-B0A4-4B31-AD5A-1E0BFF97D1B6}.Release|Any CPU.Build.0 = Release|Any CPU
	EndGlobalSection
	GlobalSection(SolutionProperties) = preSolution
		HideSolutionNode = FALSE
	EndGlobalSection
	GlobalSection(ExtensibilityGlobals) = postSolution
		SolutionGuid = {31EE3A9D-B162-46B8-86D9-7E34D107A055}
	EndGlobalSection
EndGlobal
